// !$*UTF8*$!
{
	archiveVersion = 1;
	classes = {
	};
	objectVersion = 46;
	objects = {

/* Begin PBXBuildFile section */
		501B54D21D3D496C00370C03 /* AppDelegate.swift in Sources */ = {isa = PBXBuildFile; fileRef = 501B54D11D3D496C00370C03 /* AppDelegate.swift */; };
		501B54D41D3D496C00370C03 /* PsychologistViewController.swift in Sources */ = {isa = PBXBuildFile; fileRef = 501B54D31D3D496C00370C03 /* PsychologistViewController.swift */; };
		501B54D71D3D496C00370C03 /* Main.storyboard in Resources */ = {isa = PBXBuildFile; fileRef = 501B54D51D3D496C00370C03 /* Main.storyboard */; };
		501B54D91D3D496C00370C03 /* Assets.xcassets in Resources */ = {isa = PBXBuildFile; fileRef = 501B54D81D3D496C00370C03 /* Assets.xcassets */; };
		501B54DC1D3D496C00370C03 /* LaunchScreen.storyboard in Resources */ = {isa = PBXBuildFile; fileRef = 501B54DA1D3D496C00370C03 /* LaunchScreen.storyboard */; };
		501B54E51D3D4F2C00370C03 /* FaceView.swift in Sources */ = {isa = PBXBuildFile; fileRef = 501B54E31D3D4F2C00370C03 /* FaceView.swift */; };
		501B54E61D3D4F2C00370C03 /* SingleViewController.swift in Sources */ = {isa = PBXBuildFile; fileRef = 501B54E41D3D4F2C00370C03 /* SingleViewController.swift */; };
		501B54E81D3D6A5500370C03 /* TextViewController.swift in Sources */ = {isa = PBXBuildFile; fileRef = 501B54E71D3D6A5500370C03 /* TextViewController.swift */; };
		501B54EA1D3D6CE300370C03 /* DiagnosedHappinessViewController.swift in Sources */ = {isa = PBXBuildFile; fileRef = 501B54E91D3D6CE300370C03 /* DiagnosedHappinessViewController.swift */; };
/* End PBXBuildFile section */

/* Begin PBXFileReference section */
		501B54CE1D3D496C00370C03 /* Psychologist.app */ = {isa = PBXFileReference; explicitFileType = wrapper.application; includeInIndex = 0; path = Psychologist.app; sourceTree = BUILT_PRODUCTS_DIR; };
		501B54D11D3D496C00370C03 /* AppDelegate.swift */ = {isa = PBXFileReference; lastKnownFileType = sourcecode.swift; path = AppDelegate.swift; sourceTree = "<group>"; };
		501B54D31D3D496C00370C03 /* PsychologistViewController.swift */ = {isa = PBXFileReference; lastKnownFileType = sourcecode.swift; path = PsychologistViewController.swift; sourceTree = "<group>"; };
		501B54D61D3D496C00370C03 /* Base */ = {isa = PBXFileReference; lastKnownFileType = file.storyboard; name = Base; path = Base.lproj/Main.storyboard; sourceTree = "<group>"; };
		501B54D81D3D496C00370C03 /* Assets.xcassets */ = {isa = PBXFileReference; lastKnownFileType = folder.assetcatalog; path = Assets.xcassets; sourceTree = "<group>"; };
		501B54DB1D3D496C00370C03 /* Base */ = {isa = PBXFileReference; lastKnownFileType = file.storyboard; name = Base; path = Base.lproj/LaunchScreen.storyboard; sourceTree = "<group>"; };
		501B54DD1D3D496C00370C03 /* Info.plist */ = {isa = PBXFileReference; lastKnownFileType = text.plist.xml; path = Info.plist; sourceTree = "<group>"; };
		501B54E31D3D4F2C00370C03 /* FaceView.swift */ = {isa = PBXFileReference; fileEncoding = 4; lastKnownFileType = sourcecode.swift; path = FaceView.swift; sourceTree = "<group>"; };
		501B54E41D3D4F2C00370C03 /* SingleViewController.swift */ = {isa = PBXFileReference; fileEncoding = 4; lastKnownFileType = sourcecode.swift; path = SingleViewController.swift; sourceTree = "<group>"; };
		501B54E71D3D6A5500370C03 /* TextViewController.swift */ = {isa = PBXFileReference; fileEncoding = 4; lastKnownFileType = sourcecode.swift; name = TextViewController.swift; path = ../TextViewController.swift; sourceTree = "<group>"; };
		501B54E91D3D6CE300370C03 /* DiagnosedHappinessViewController.swift */ = {isa = PBXFileReference; fileEncoding = 4; lastKnownFileType = sourcecode.swift; name = DiagnosedHappinessViewController.swift; path = ../DiagnosedHappinessViewController.swift; sourceTree = "<group>"; };
/* End PBXFileReference section */

/* Begin PBXFrameworksBuildPhase section */
		501B54CB1D3D496C00370C03 /* Frameworks */ = {
			isa = PBXFrameworksBuildPhase;
			buildActionMask = 2147483647;
			files = (
			);
			runOnlyForDeploymentPostprocessing = 0;
		};
/* End PBXFrameworksBuildPhase section */

/* Begin PBXGroup section */
		501B54C51D3D496C00370C03 = {
			isa = PBXGroup;
			children = (
				501B54D01D3D496C00370C03 /* Psychologist */,
				501B54CF1D3D496C00370C03 /* Products */,
			);
			sourceTree = "<group>";
		};
		501B54CF1D3D496C00370C03 /* Products */ = {
			isa = PBXGroup;
			children = (
				501B54CE1D3D496C00370C03 /* Psychologist.app */,
			);
			name = Products;
			sourceTree = "<group>";
		};
		501B54D01D3D496C00370C03 /* Psychologist */ = {
			isa = PBXGroup;
			children = (
				501B54E91D3D6CE300370C03 /* DiagnosedHappinessViewController.swift */,
				501B54D11D3D496C00370C03 /* AppDelegate.swift */,
				501B54E71D3D6A5500370C03 /* TextViewController.swift */,
				501B54E31D3D4F2C00370C03 /* FaceView.swift */,
				501B54E41D3D4F2C00370C03 /* SingleViewController.swift */,
				501B54D31D3D496C00370C03 /* PsychologistViewController.swift */,
				501B54D51D3D496C00370C03 /* Main.storyboard */,
				501B54D81D3D496C00370C03 /* Assets.xcassets */,
				501B54DA1D3D496C00370C03 /* LaunchScreen.storyboard */,
				501B54DD1D3D496C00370C03 /* Info.plist */,
			);
			path = Psychologist;
			sourceTree = "<group>";
		};
/* End PBXGroup section */

/* Begin PBXNativeTarget section */
		501B54CD1D3D496C00370C03 /* Psychologist */ = {
			isa = PBXNativeTarget;
			buildConfigurationList = 501B54E01D3D496C00370C03 /* Build configuration list for PBXNativeTarget "Psychologist" */;
			buildPhases = (
				501B54CA1D3D496C00370C03 /* Sources */,
				501B54CB1D3D496C00370C03 /* Frameworks */,
				501B54CC1D3D496C00370C03 /* Resources */,
			);
			buildRules = (
			);
			dependencies = (
			);
			name = Psychologist;
			productName = Psychologist;
			productReference = 501B54CE1D3D496C00370C03 /* Psychologist.app */;
			productType = "com.apple.product-type.application";
		};
/* End PBXNativeTarget section */

/* Begin PBXProject section */
		501B54C61D3D496C00370C03 /* Project object */ = {
			isa = PBXProject;
			attributes = {
				LastSwiftUpdateCheck = 0730;
				LastUpgradeCheck = 0730;
				ORGANIZATIONNAME = "Weirui Kong";
				TargetAttributes = {
					501B54CD1D3D496C00370C03 = {
						CreatedOnToolsVersion = 7.3.1;
					};
				};
			};
			buildConfigurationList = 501B54C91D3D496C00370C03 /* Build configuration list for PBXProject "Psychologist" */;
			compatibilityVersion = "Xcode 3.2";
			developmentRegion = English;
			hasScannedForEncodings = 0;
			knownRegions = (
				en,
				Base,
			);
			mainGroup = 501B54C51D3D496C00370C03;
			productRefGroup = 501B54CF1D3D496C00370C03 /* Products */;
			projectDirPath = "";
			projectRoot = "";
			targets = (
				501B54CD1D3D496C00370C03 /* Psychologist */,
			);
		};
/* End PBXProject section */

/* Begin PBXResourcesBuildPhase section */
		501B54CC1D3D496C00370C03 /* Resources */ = {
			isa = PBXResourcesBuildPhase;
			buildActionMask = 2147483647;
			files = (
				501B54DC1D3D496C00370C03 /* LaunchScreen.storyboard in Resources */,
				501B54D91D3D496C00370C03 /* Assets.xcassets in Resources */,
				501B54D71D3D496C00370C03 /* Main.storyboard in Resources */,
			);
			runOnlyForDeploymentPostprocessing = 0;
		};
/* End PBXResourcesBuildPhase section */

/* Begin PBXSourcesBuildPhase section */
		501B54CA1D3D496C00370C03 /* Sources */ = {
			isa = PBXSourcesBuildPhase;
			buildActionMask = 2147483647;
			files = (
				501B54E81D3D6A5500370C03 /* TextViewController.swift in Sources */,
				501B54D41D3D496C00370C03 /* PsychologistViewController.swift in Sources */,
				501B54D21D3D496C00370C03 /* AppDelegate.swift in Sources */,
				501B54EA1D3D6CE300370C03 /* DiagnosedHappinessViewController.swift in Sources */,
				501B54E61D3D4F2C00370C03 /* SingleViewController.swift in Sources */,
				501B54E51D3D4F2C00370C03 /* FaceView.swift in Sources */,
			);
			runOnlyForDeploymentPostprocessing = 0;
		};
/* End PBXSourcesBuildPhase section */

/* Begin PBXVariantGroup section */
		501B54D51D3D496C00370C03 /* Main.storyboard */ = {
			isa = PBXVariantGroup;
			children = (
				501B54D61D3D496C00370C03 /* Base */,
			);
			name = Main.storyboard;
			sourceTree = "<group>";
		};
		501B54DA1D3D496C00370C03 /* LaunchScreen.storyboard */ = {
			isa = PBXVariantGroup;
			children = (
				501B54DB1D3D496C00370C03 /* Base */,
			);
			name = LaunchScreen.storyboard;
			sourceTree = "<group>";
		};
/* End PBXVariantGroup section */

/* Begin XCBuildConfiguration section */
		501B54DE1D3D496C00370C03 /* Debug */ = {
			isa = XCBuildConfiguration;
			buildSettings = {
				ALWAYS_SEARCH_USER_PATHS = NO;
				CLANG_ANALYZER_NONNULL = YES;
				CLANG_CXX_LANGUAGE_STANDARD = "gnu++0x";
				CLANG_CXX_LIBRARY = "libc++";
				CLANG_ENABLE_MODULES = YES;
				CLANG_ENABLE_OBJC_ARC = YES;
				CLANG_WARN_BOOL_CONVERSION = YES;
				CLANG_WARN_CONSTANT_CONVERSION = YES;
				CLANG_WARN_DIRECT_OBJC_ISA_USAGE = YES_ERROR;
				CLANG_WARN_EMPTY_BODY = YES;
				CLANG_WARN_ENUM_CONVERSION = YES;
				CLANG_WARN_INT_CONVERSION = YES;
				CLANG_WARN_OBJC_ROOT_CLASS = YES_ERROR;
				CLANG_WARN_UNREACHABLE_CODE = YES;
				CLANG_WARN__DUPLICATE_METHOD_MATCH = YES;
				"CODE_SIGN_IDENTITY[sdk=iphoneos*]" = "iPhone Developer";
				COPY_PHASE_STRIP = NO;
				DEBUG_INFORMATION_FORMAT = dwarf;
				ENABLE_STRICT_OBJC_MSGSEND = YES;
				ENABLE_TESTABILITY = YES;
				GCC_C_LANGUAGE_STANDARD = gnu99;
				GCC_DYNAMIC_NO_PIC = NO;
				GCC_NO_COMMON_BLOCKS = YES;
				GCC_OPTIMIZATION_LEVEL = 0;
				GCC_PREPROCESSOR_DEFINITIONS = (
					"DEBUG=1",
					"$(inherited)",
				);
				GCC_WARN_64_TO_32_BIT_CONVERSION = YES;
				GCC_WARN_ABOUT_RETURN_TYPE = YES_ERROR;
				GCC_WARN_UNDECLARED_SELECTOR = YES;
				GCC_WARN_UNINITIALIZED_AUTOS = YES_AGGRESSIVE;
				GCC_WARN_UNUSED_FUNCTION = YES;
				GCC_WARN_UNUSED_VARIABLE = YES;
				IPHONEOS_DEPLOYMENT_TARGET = 9.3;
				MTL_ENABLE_DEBUG_INFO = YES;
				ONLY_ACTIVE_ARCH = YES;
				SDKROOT = iphoneos;
				SWIFT_OPTIMIZATION_LEVEL = "-Onone";
				TARGETED_DEVICE_FAMILY = "1,2";
			};
			name = Debug;
		};
		501B54DF1D3D496C00370C03 /* Release */ = {
			isa = XCBuildConfiguration;
			buildSettings = {
				ALWAYS_SEARCH_USER_PATHS = NO;
				CLANG_ANALYZER_NONNULL = YES;
				CLANG_CXX_LANGUAGE_STANDARD = "gnu++0x";
				CLANG_CXX_LIBRARY = "libc++";
				CLANG_ENABLE_MODULES = YES;
				CLANG_ENABLE_OBJC_ARC = YES;
				CLANG_WARN_BOOL_CONVERSION = YES;
				CLANG_WARN_CONSTANT_CONVERSION = YES;
				CLANG_WARN_DIRECT_OBJC_ISA_USAGE = YES_ERROR;
				CLANG_WARN_EMPTY_BODY = YES;
				CLANG_WARN_ENUM_CONVERSION = YES;
				CLANG_WARN_INT_CONVERSION = YES;
				CLANG_WARN_OBJC_ROOT_CLASS = YES_ERROR;
				CLANG_WARN_UNREACHABLE_CODE = YES;
				CLANG_WARN__DUPLICATE_METHOD_MATCH = YES;
				"CODE_SIGN_IDENTITY[sdk=iphoneos*]" = "iPhone Developer";
				COPY_PHASE_STRIP = NO;
				DEBUG_INFORMATION_FORMAT = "dwarf-with-dsym";
				ENABLE_NS_ASSERTIONS = NO;
				ENABLE_STRICT_OBJC_MSGSEND = YES;
				GCC_C_LANGUAGE_STANDARD = gnu99;
				GCC_NO_COMMON_BLOCKS = YES;
				GCC_WARN_64_TO_32_BIT_CONVERSION = YES;
				GCC_WARN_ABOUT_RETURN_TYPE = YES_ERROR;
				GCC_WARN_UNDECLARED_SELECTOR = YES;
				GCC_WARN_UNINITIALIZED_AUTOS = YES_AGGRESSIVE;
				GCC_WARN_UNUSED_FUNCTION = YES;
				GCC_WARN_UNUSED_VARIABLE = YES;
				IPHONEOS_DEPLOYMENT_TARGET = 9.3;
				MTL_ENABLE_DEBUG_INFO = NO;
				SDKROOT = iphoneos;
				TARGETED_DEVICE_FAMILY = "1,2";
				VALIDATE_PRODUCT = YES;
			};
			name = Release;
		};
		501B54E11D3D496C00370C03 /* Debug */ = {
			isa = XCBuildConfiguration;
			buildSettings = {
				ASSETCATALOG_COMPILER_APPICON_NAME = AppIcon;
				INFOPLIST_FILE = Psychologist/Info.plist;
				LD_RUNPATH_SEARCH_PATHS = "$(inherited) @executable_path/Frameworks";
				PRODUCT_BUNDLE_IDENTIFIER = waterloo.Psychologist;
				PRODUCT_NAME = "$(TARGET_NAME)";
			};
			name = Debug;
		};
		501B54E21D3D496C00370C03 /* Release */ = {
			isa = XCBuildConfiguration;
			buildSettings = {
				ASSETCATALOG_COMPILER_APPICON_NAME = AppIcon;
				INFOPLIST_FILE = Psychologist/Info.plist;
				LD_RUNPATH_SEARCH_PATHS = "$(inherited) @executable_path/Frameworks";
				PRODUCT_BUNDLE_IDENTIFIER = waterloo.Psychologist;
				PRODUCT_NAME = "$(TARGET_NAME)";
			};
			name = Release;
		};
/* End XCBuildConfiguration section */

/* Begin XCConfigurationList section */
		501B54C91D3D496C00370C03 /* Build configuration list for PBXProject "Psychologist" */ = {
			isa = XCConfigurationList;
			buildConfigurations = (
				501B54DE1D3D496C00370C03 /* Debug */,
				501B54DF1D3D496C00370C03 /* Release */,
			);
			defaultConfigurationIsVisible = 0;
			defaultConfigurationName = Release;
		};
		501B54E01D3D496C00370C03 /* Build configuration list for PBXNativeTarget "Psychologist" */ = {
			isa = XCConfigurationList;
			buildConfigurations = (
				501B54E11D3D496C00370C03 /* Debug */,
				501B54E21D3D496C00370C03 /* Release */,
			);
			defaultConfigurationIsVisible = 0;
		};
/* End XCConfigurationList section */
	};
	rootObject = 501B54C61D3D496C00370C03 /* Project object */;
}
